<?xml version="1.0"?>
<Project ToolsVersion="4.0" xmlns="http://schemas.microsoft.com/developer/msbuild/2003">
	<ItemGroup>
		<ClCompile Include="src\ofApp.cpp">
			<Filter>src</Filter>
		</ClCompile>
		<ClCompile Include="src\main.cpp">
			<Filter>src</Filter>
		</ClCompile>
		<ClCompile Include="src\main.cpp">
			<Filter>src</Filter>
		</ClCompile>
		<ClCompile Include="src\ofApp.cpp">
			<Filter>src</Filter>
		</ClCompile>
		<ClCompile Include="..\..\..\addons\ofxNuitrack\src\ofxNuitrack.cpp">
			<Filter>addons\ofxNuitrack\src</Filter>
		</ClCompile>
	</ItemGroup>
	<ItemGroup>
		<Filter Include="src">
			<UniqueIdentifier>{d8376475-7454-4a24-b08a-aac121d3ad6f}</UniqueIdentifier>
		</Filter>
		<Filter Include="addons">
			<UniqueIdentifier>{71834F65-F3A9-211E-73B8-DC85}</UniqueIdentifier>
		</Filter>
		<Filter Include="addons\ofxNuitrack">
			<UniqueIdentifier>{C101959A-0923-F4B6-FC11-B733}</UniqueIdentifier>
		</Filter>
		<Filter Include="addons\ofxNuitrack\src">
			<UniqueIdentifier>{512CE054-A272-2827-A3EA-342B}</UniqueIdentifier>
		</Filter>
		<Filter Include="addons\ofxNuitrack\libs">
			<UniqueIdentifier>{D6EFB55F-E0DA-B075-CF4D-A078}</UniqueIdentifier>
		</Filter>
		<Filter Include="addons\ofxNuitrack\libs\nuitrack">
			<UniqueIdentifier>{FD3D0F0C-E176-3A36-67BF-9553}</UniqueIdentifier>
		</Filter>
		<Filter Include="addons\ofxNuitrack\libs\nuitrack\include">
			<UniqueIdentifier>{DF0C77AD-9F71-11DF-C1FC-C7CB}</UniqueIdentifier>
		</Filter>
		<Filter Include="addons\ofxNuitrack\libs\nuitrack\include\middleware">
			<UniqueIdentifier>{73300DAD-1206-5D8F-B5FA-BD49}</UniqueIdentifier>
		</Filter>
		<Filter Include="addons\ofxNuitrack\libs\nuitrack\include\nuitrack">
			<UniqueIdentifier>{654DCF19-8AD3-9BBF-2E26-0FAE}</UniqueIdentifier>
		</Filter>
		<Filter Include="addons\ofxNuitrack\libs\nuitrack\include\nuitrack\capi">
			<UniqueIdentifier>{77646FCB-B1F2-65FB-E8C6-B6DF}</UniqueIdentifier>
		</Filter>
		<Filter Include="addons\ofxNuitrack\libs\nuitrack\include\nuitrack\middleware">
			<UniqueIdentifier>{A4ED7A13-5688-8211-FB60-30CC}</UniqueIdentifier>
		</Filter>
		<Filter Include="addons\ofxNuitrack\libs\nuitrack\include\nuitrack\middleware\android">
			<UniqueIdentifier>{C6C40B24-55A4-6760-DA43-A4CC}</UniqueIdentifier>
		</Filter>
		<Filter Include="addons\ofxNuitrack\libs\nuitrack\include\nuitrack\modules">
			<UniqueIdentifier>{056C74C9-40DB-A7EC-FB39-248D}</UniqueIdentifier>
		</Filter>
		<Filter Include="addons\ofxNuitrack\libs\nuitrack\include\nuitrack\types">
			<UniqueIdentifier>{2E81BA2C-36C4-1DB2-D8D9-1BAD}</UniqueIdentifier>
		</Filter>
		<Filter Include="addons\ofxNuitrack\libs\nuitrack\include\nuitrack\utils">
			<UniqueIdentifier>{9E60E4FF-F01F-7D87-4552-B6C9}</UniqueIdentifier>
		</Filter>
	</ItemGroup>
	<ItemGroup>
		<ClInclude Include="src\ofApp.h">
			<Filter>src</Filter>
		</ClInclude>
		<ClInclude Include="src\ofApp.h">
			<Filter>src</Filter>
		</ClInclude>
		<ClInclude Include="..\..\..\addons\ofxNuitrack\src\ofxNuitrack.h">
			<Filter>addons\ofxNuitrack\src</Filter>
		</ClInclude>
		<ClInclude Include="..\..\..\addons\ofxNuitrack\libs\nuitrack\include\middleware\DepthProviderAdapterAPI.h">
			<Filter>addons\ofxNuitrack\libs\nuitrack\include\middleware</Filter>
		</ClInclude>
		<ClInclude Include="..\..\..\addons\ofxNuitrack\libs\nuitrack\include\nuitrack\capi\ColorSensor_CAPI.h">
			<Filter>addons\ofxNuitrack\libs\nuitrack\include\nuitrack\capi</Filter>
		</ClInclude>
		<ClInclude Include="..\..\..\addons\ofxNuitrack\libs\nuitrack\include\nuitrack\capi\DepthSensor_CAPI.h">
			<Filter>addons\ofxNuitrack\libs\nuitrack\include\nuitrack\capi</Filter>
		</ClInclude>
		<ClInclude Include="..\..\..\addons\ofxNuitrack\libs\nuitrack\include\nuitrack\capi\GestureRecognizer_CAPI.h">
			<Filter>addons\ofxNuitrack\libs\nuitrack\include\nuitrack\capi</Filter>
		</ClInclude>
		<ClInclude Include="..\..\..\addons\ofxNuitrack\libs\nuitrack\include\nuitrack\capi\HandTracker_CAPI.h">
			<Filter>addons\ofxNuitrack\libs\nuitrack\include\nuitrack\capi</Filter>
		</ClInclude>
		<ClInclude Include="..\..\..\addons\ofxNuitrack\libs\nuitrack\include\nuitrack\capi\IssueTracker_CAPI.h">
			<Filter>addons\ofxNuitrack\libs\nuitrack\include\nuitrack\capi</Filter>
		</ClInclude>
		<ClInclude Include="..\..\..\addons\ofxNuitrack\libs\nuitrack\include\nuitrack\capi\NuitrackModule_CAPI.h">
			<Filter>addons\ofxNuitrack\libs\nuitrack\include\nuitrack\capi</Filter>
		</ClInclude>
		<ClInclude Include="..\..\..\addons\ofxNuitrack\libs\nuitrack\include\nuitrack\capi\Nuitrack_CAPI.h">
			<Filter>addons\ofxNuitrack\libs\nuitrack\include\nuitrack\capi</Filter>
		</ClInclude>
		<ClInclude Include="..\..\..\addons\ofxNuitrack\libs\nuitrack\include\nuitrack\capi\Public_Nuitrack_CAPI.h">
			<Filter>addons\ofxNuitrack\libs\nuitrack\include\nuitrack\capi</Filter>
		</ClInclude>
		<ClInclude Include="..\..\..\addons\ofxNuitrack\libs\nuitrack\include\nuitrack\capi\SkeletonTracker_CAPI.h">
			<Filter>addons\ofxNuitrack\libs\nuitrack\include\nuitrack\capi</Filter>
		</ClInclude>
		<ClInclude Include="..\..\..\addons\ofxNuitrack\libs\nuitrack\include\nuitrack\capi\UserTracker_CAPI.h">
			<Filter>addons\ofxNuitrack\libs\nuitrack\include\nuitrack\capi</Filter>
		</ClInclude>
		<ClInclude Include="..\..\..\addons\ofxNuitrack\libs\nuitrack\include\nuitrack\middleware\android\NuitrackManager.h">
			<Filter>addons\ofxNuitrack\libs\nuitrack\include\nuitrack\middleware\android</Filter>
		</ClInclude>
		<ClInclude Include="..\..\..\addons\ofxNuitrack\libs\nuitrack\include\nuitrack\middleware\android\USBGateKeeper.h">
			<Filter>addons\ofxNuitrack\libs\nuitrack\include\nuitrack\middleware\android</Filter>
		</ClInclude>
		<ClInclude Include="..\..\..\addons\ofxNuitrack\libs\nuitrack\include\nuitrack\ModuleFunctions.h">
			<Filter>addons\ofxNuitrack\libs\nuitrack\include\nuitrack</Filter>
		</ClInclude>
		<ClInclude Include="..\..\..\addons\ofxNuitrack\libs\nuitrack\include\nuitrack\modules\ColorSensor.h">
			<Filter>addons\ofxNuitrack\libs\nuitrack\include\nuitrack\modules</Filter>
		</ClInclude>
		<ClInclude Include="..\..\..\addons\ofxNuitrack\libs\nuitrack\include\nuitrack\modules\DepthSensor.h">
			<Filter>addons\ofxNuitrack\libs\nuitrack\include\nuitrack\modules</Filter>
		</ClInclude>
		<ClInclude Include="..\..\..\addons\ofxNuitrack\libs\nuitrack\include\nuitrack\modules\GestureRecognizer.h">
			<Filter>addons\ofxNuitrack\libs\nuitrack\include\nuitrack\modules</Filter>
		</ClInclude>
		<ClInclude Include="..\..\..\addons\ofxNuitrack\libs\nuitrack\include\nuitrack\modules\HandTracker.h">
			<Filter>addons\ofxNuitrack\libs\nuitrack\include\nuitrack\modules</Filter>
		</ClInclude>
		<ClInclude Include="..\..\..\addons\ofxNuitrack\libs\nuitrack\include\nuitrack\modules\HeaderOnlyAPI_Module.h">
			<Filter>addons\ofxNuitrack\libs\nuitrack\include\nuitrack\modules</Filter>
		</ClInclude>
		<ClInclude Include="..\..\..\addons\ofxNuitrack\libs\nuitrack\include\nuitrack\modules\Module.h">
			<Filter>addons\ofxNuitrack\libs\nuitrack\include\nuitrack\modules</Filter>
		</ClInclude>
		<ClInclude Include="..\..\..\addons\ofxNuitrack\libs\nuitrack\include\nuitrack\modules\NuitrackModule.h">
			<Filter>addons\ofxNuitrack\libs\nuitrack\include\nuitrack\modules</Filter>
		</ClInclude>
		<ClInclude Include="..\..\..\addons\ofxNuitrack\libs\nuitrack\include\nuitrack\modules\SkeletonTracker.h">
			<Filter>addons\ofxNuitrack\libs\nuitrack\include\nuitrack\modules</Filter>
		</ClInclude>
		<ClInclude Include="..\..\..\addons\ofxNuitrack\libs\nuitrack\include\nuitrack\modules\UserTracker.h">
			<Filter>addons\ofxNuitrack\libs\nuitrack\include\nuitrack\modules</Filter>
		</ClInclude>
		<ClInclude Include="..\..\..\addons\ofxNuitrack\libs\nuitrack\include\nuitrack\Nuitrack.h">
			<Filter>addons\ofxNuitrack\libs\nuitrack\include\nuitrack</Filter>
		</ClInclude>
		<ClInclude Include="..\..\..\addons\ofxNuitrack\libs\nuitrack\include\nuitrack\types\BoundingBox.h">
			<Filter>addons\ofxNuitrack\libs\nuitrack\include\nuitrack\types</Filter>
		</ClInclude>
		<ClInclude Include="..\..\..\addons\ofxNuitrack\libs\nuitrack\include\nuitrack\types\Color3.h">
			<Filter>addons\ofxNuitrack\libs\nuitrack\include\nuitrack\types</Filter>
		</ClInclude>
		<ClInclude Include="..\..\..\addons\ofxNuitrack\libs\nuitrack\include\nuitrack\types\DepthFrame.h">
			<Filter>addons\ofxNuitrack\libs\nuitrack\include\nuitrack\types</Filter>
		</ClInclude>
		<ClInclude Include="..\..\..\addons\ofxNuitrack\libs\nuitrack\include\nuitrack\types\Error.h">
			<Filter>addons\ofxNuitrack\libs\nuitrack\include\nuitrack\types</Filter>
		</ClInclude>
		<ClInclude Include="..\..\..\addons\ofxNuitrack\libs\nuitrack\include\nuitrack\types\Export.h">
			<Filter>addons\ofxNuitrack\libs\nuitrack\include\nuitrack\types</Filter>
		</ClInclude>
		<ClInclude Include="..\..\..\addons\ofxNuitrack\libs\nuitrack\include\nuitrack\types\Frame.h">
			<Filter>addons\ofxNuitrack\libs\nuitrack\include\nuitrack\types</Filter>
		</ClInclude>
		<ClInclude Include="..\..\..\addons\ofxNuitrack\libs\nuitrack\include\nuitrack\types\FrameBorderIssue.h">
			<Filter>addons\ofxNuitrack\libs\nuitrack\include\nuitrack\types</Filter>
		</ClInclude>
		<ClInclude Include="..\..\..\addons\ofxNuitrack\libs\nuitrack\include\nuitrack\types\Gesture.h">
			<Filter>addons\ofxNuitrack\libs\nuitrack\include\nuitrack\types</Filter>
		</ClInclude>
		<ClInclude Include="..\..\..\addons\ofxNuitrack\libs\nuitrack\include\nuitrack\types\GestureData.h">
			<Filter>addons\ofxNuitrack\libs\nuitrack\include\nuitrack\types</Filter>
		</ClInclude>
		<ClInclude Include="..\..\..\addons\ofxNuitrack\libs\nuitrack\include\nuitrack\types\Hand.h">
			<Filter>addons\ofxNuitrack\libs\nuitrack\include\nuitrack\types</Filter>
		</ClInclude>
		<ClInclude Include="..\..\..\addons\ofxNuitrack\libs\nuitrack\include\nuitrack\types\HandTrackerData.h">
			<Filter>addons\ofxNuitrack\libs\nuitrack\include\nuitrack\types</Filter>
		</ClInclude>
		<ClInclude Include="..\..\..\addons\ofxNuitrack\libs\nuitrack\include\nuitrack\types\Issue.h">
			<Filter>addons\ofxNuitrack\libs\nuitrack\include\nuitrack\types</Filter>
		</ClInclude>
		<ClInclude Include="..\..\..\addons\ofxNuitrack\libs\nuitrack\include\nuitrack\types\IssuesData.h">
			<Filter>addons\ofxNuitrack\libs\nuitrack\include\nuitrack\types</Filter>
		</ClInclude>
		<ClInclude Include="..\..\..\addons\ofxNuitrack\libs\nuitrack\include\nuitrack\types\ObjectData.h">
			<Filter>addons\ofxNuitrack\libs\nuitrack\include\nuitrack\types</Filter>
		</ClInclude>
		<ClInclude Include="..\..\..\addons\ofxNuitrack\libs\nuitrack\include\nuitrack\types\OcclusionIssue.h">
			<Filter>addons\ofxNuitrack\libs\nuitrack\include\nuitrack\types</Filter>
		</ClInclude>
		<ClInclude Include="..\..\..\addons\ofxNuitrack\libs\nuitrack\include\nuitrack\types\Orientation.h">
			<Filter>addons\ofxNuitrack\libs\nuitrack\include\nuitrack\types</Filter>
		</ClInclude>
		<ClInclude Include="..\..\..\addons\ofxNuitrack\libs\nuitrack\include\nuitrack\types\OutputMode.h">
			<Filter>addons\ofxNuitrack\libs\nuitrack\include\nuitrack\types</Filter>
		</ClInclude>
		<ClInclude Include="..\..\..\addons\ofxNuitrack\libs\nuitrack\include\nuitrack\types\RGBFrame.h">
			<Filter>addons\ofxNuitrack\libs\nuitrack\include\nuitrack\types</Filter>
		</ClInclude>
		<ClInclude Include="..\..\..\addons\ofxNuitrack\libs\nuitrack\include\nuitrack\types\RGBMark.h">
			<Filter>addons\ofxNuitrack\libs\nuitrack\include\nuitrack\types</Filter>
		</ClInclude>
		<ClInclude Include="..\..\..\addons\ofxNuitrack\libs\nuitrack\include\nuitrack\types\SensorIssue.h">
			<Filter>addons\ofxNuitrack\libs\nuitrack\include\nuitrack\types</Filter>
		</ClInclude>
		<ClInclude Include="..\..\..\addons\ofxNuitrack\libs\nuitrack\include\nuitrack\types\Skeleton.h">
			<Filter>addons\ofxNuitrack\libs\nuitrack\include\nuitrack\types</Filter>
		</ClInclude>
		<ClInclude Include="..\..\..\addons\ofxNuitrack\libs\nuitrack\include\nuitrack\types\SkeletonData.h">
			<Filter>addons\ofxNuitrack\libs\nuitrack\include\nuitrack\types</Filter>
		</ClInclude>
		<ClInclude Include="..\..\..\addons\ofxNuitrack\libs\nuitrack\include\nuitrack\types\User.h">
			<Filter>addons\ofxNuitrack\libs\nuitrack\include\nuitrack\types</Filter>
		</ClInclude>
		<ClInclude Include="..\..\..\addons\ofxNuitrack\libs\nuitrack\include\nuitrack\types\UserFrame.h">
			<Filter>addons\ofxNuitrack\libs\nuitrack\include\nuitrack\types</Filter>
		</ClInclude>
		<ClInclude Include="..\..\..\addons\ofxNuitrack\libs\nuitrack\include\nuitrack\types\Vector3.h">
			<Filter>addons\ofxNuitrack\libs\nuitrack\include\nuitrack\types</Filter>
		</ClInclude>
		<ClInclude Include="..\..\..\addons\ofxNuitrack\libs\nuitrack\include\nuitrack\utils\CallbackStruct.h">
			<Filter>addons\ofxNuitrack\libs\nuitrack\include\nuitrack\utils</Filter>
		</ClInclude>
		<ClInclude Include="..\..\..\addons\ofxNuitrack\libs\nuitrack\include\nuitrack\utils\ExceptionTranslator.h">
			<Filter>addons\ofxNuitrack\libs\nuitrack\include\nuitrack\utils</Filter>
		</ClInclude>
	</ItemGroup>
	<ItemGroup>
		<ResourceCompile Include="icon.rc" />
	</ItemGroup>
</Project>
